# THIS IS AN AUTOGENERATED FILE. DO NOT EDIT THIS FILE DIRECTLY.
# yarn lockfile v1


"@babel/helper-string-parser@^7.19.4":
  version "7.19.4"
  resolved "https://registry.yarnpkg.com/@babel/helper-string-parser/-/helper-string-parser-7.19.4.tgz#38d3acb654b4701a9b77fb0615a96f775c3a9e63"
  integrity sha512-nHtDoQcuqFmwYNYPz3Rah5ph2p8PFeFCsZk9A/48dPc/rGocJ5J3hAAZ7pb76VWX3fZKu+uEr/FhH5jLx7umrw==

"@babel/helper-validator-identifier@^7.19.1":
  version "7.19.1"
  resolved "https://registry.yarnpkg.com/@babel/helper-validator-identifier/-/helper-validator-identifier-7.19.1.tgz#7eea834cf32901ffdc1a7ee555e2f9c27e249ca2"
  integrity sha512-awrNfaMtnHUr653GgGEs++LlAvW6w+DcPrOliSMXWCKo597CwL5Acf/wWdNkf/tfEQE3mjkeD1YOVZOUV/od1w==

"@babel/parser@^7.16.4", "@babel/parser@^7.6.0", "@babel/parser@^7.9.6":
  version "7.19.6"
  resolved "https://registry.yarnpkg.com/@babel/parser/-/parser-7.19.6.tgz#b923430cb94f58a7eae8facbffa9efd19130e7f8"
  integrity sha512-h1IUp81s2JYJ3mRkdxJgs4UvmSsRvDrx5ICSJbPvtWYv5i1nTBGcBpnog+89rAFMwvvru6E5NUHdBe01UeSzYA==

"@babel/types@^7.6.1", "@babel/types@^7.9.6":
  version "7.19.4"
  resolved "https://registry.yarnpkg.com/@babel/types/-/types-7.19.4.tgz#0dd5c91c573a202d600490a35b33246fed8a41c7"
  integrity sha512-M5LK7nAeS6+9j7hAq+b3fQs+pNfUtTGq+yFFfHnauFA8zQtLRfmuipmsKDKKLuyG+wC8ABW43A153YNawNTEtw==
  dependencies:
    "@babel/helper-string-parser" "^7.19.4"
    "@babel/helper-validator-identifier" "^7.19.1"
    to-fast-properties "^2.0.0"

"@emmetio/abbreviation@^2.2.3":
  version "2.2.3"
  resolved "https://registry.yarnpkg.com/@emmetio/abbreviation/-/abbreviation-2.2.3.tgz#2b3c0383c1a4652f677d5b56fb3f1616fe16ef10"
  integrity sha512-87pltuCPt99aL+y9xS6GPZ+Wmmyhll2WXH73gG/xpGcQ84DRnptBsI2r0BeIQ0EB/SQTOe2ANPqFqj3Rj5FOGA==
  dependencies:
    "@emmetio/scanner" "^1.0.0"

"@emmetio/css-abbreviation@^2.1.4":
  version "2.1.4"
  resolved "https://registry.yarnpkg.com/@emmetio/css-abbreviation/-/css-abbreviation-2.1.4.tgz#90362e8a1122ce3b76f6c3157907d30182f53f54"
  integrity sha512-qk9L60Y+uRtM5CPbB0y+QNl/1XKE09mSO+AhhSauIfr2YOx/ta3NJw2d8RtCFxgzHeRqFRr8jgyzThbu+MZ4Uw==
  dependencies:
    "@emmetio/scanner" "^1.0.0"

"@emmetio/scanner@^1.0.0":
  version "1.0.0"
  resolved "https://registry.yarnpkg.com/@emmetio/scanner/-/scanner-1.0.0.tgz#065b2af6233fe7474d44823e3deb89724af42b5f"
  integrity sha512-8HqW8EVqjnCmWXVpqAOZf+EGESdkR27odcMMMGefgKXtar00SoYNSryGv//TELI4T3QFsECo78p+0lmalk/CFA==

"@johnsoncodehk/html2pug@^1.0.0":
  version "1.0.0"
  resolved "https://registry.yarnpkg.com/@johnsoncodehk/html2pug/-/html2pug-1.0.0.tgz#be3d70812ac513fbb16ddbaf065d5f6f8f0996e7"
  integrity sha512-TAs9NvSxC2ceT11h9Hck/p4No3lyaAtYUfV0ttPgImLxfbrAtvID5pdQVC5j1hYa/0oMg+Q4Xq91yihSgeAmgQ==
  dependencies:
    domelementtype "^2.2.0"
    domhandler "^4.3.1"
    htmlparser2 "^7.2.0"
    pug "^3.0.2"

"@johnsoncodehk/pug-beautify@^0.2.2":
  version "0.2.2"
  resolved "https://registry.yarnpkg.com/@johnsoncodehk/pug-beautify/-/pug-beautify-0.2.2.tgz#6818e7cab0f2d2354492c13bad73881e9cb3ef54"
  integrity sha512-qqNS/YD0Nck5wtQLCPHAfGVgWbbGafxSPjNh0ekYPFSNNqnDH2kamnduzYly8IiADmeVx/MfAE1njMEjVeHTMA==

"@volar-plugins/css@1.0.8":
  version "1.0.8"
  resolved "https://registry.yarnpkg.com/@volar-plugins/css/-/css-1.0.8.tgz#f2c06a5dfa7a2f3feabe9ce62faac0af4e680f9d"
  integrity sha512-s2dhOWWecEdVEOa6QBDmn64ppz246t/c47XV1EDwPBCBFN/sbTE93n18b/pDEzK3vHCN10zpuA25Q+CuUZgEnw==
  dependencies:
    "@volar/shared" "1.0.8"
    vscode-css-languageservice "^6.1.1"
    vscode-languageserver-protocol "^3.17.2"
    vscode-languageserver-textdocument "^1.0.7"

"@volar-plugins/emmet@1.0.8":
  version "1.0.8"
  resolved "https://registry.yarnpkg.com/@volar-plugins/emmet/-/emmet-1.0.8.tgz#7fd228be5e0b5f98f535f0cea618eae83f306839"
  integrity sha512-Rw5Cs06owu4vIhLQ8vItxJ+Ri7sU2gnqN4FqLYF2bGT1FTIqg1v71Egf5uHFVa3wGtyeujx+q455KA+alC1SSg==
  dependencies:
    "@vscode/emmet-helper" "^2.8.4"

"@volar-plugins/html@1.0.8":
  version "1.0.8"
  resolved "https://registry.yarnpkg.com/@volar-plugins/html/-/html-1.0.8.tgz#4d4aa25585019eb9734f79c602098340cb3a82d9"
  integrity sha512-Ocj8h+FC4vHQEqrBHLmJARm8F1iOJULG1SMA19UctXohDNFDlw1HTHoCxAt6Hr4g9l/8KpANFSuOjPCbj22uJg==
  dependencies:
    vscode-html-languageservice "^5.0.2"
    vscode-languageserver-protocol "^3.17.2"
    vscode-languageserver-textdocument "^1.0.7"

"@volar-plugins/json@1.0.8":
  version "1.0.8"
  resolved "https://registry.yarnpkg.com/@volar-plugins/json/-/json-1.0.8.tgz#23500d46284a00657d9b7904bf21c760e96e65e9"
  integrity sha512-8zAIV/pdhovaLcVOg0U6oWj0dnAHfb0cqf+fMyh15+t7MD09SP4jm7oRweLFtnhTZ9OVJ5XOsZGjnH1Sv60cQg==
  dependencies:
    vscode-json-languageservice "^5.1.1"
    vscode-languageserver-protocol "^3.17.2"
    vscode-languageserver-textdocument "^1.0.7"

"@volar-plugins/pug-beautify@1.0.8":
  version "1.0.8"
  resolved "https://registry.yarnpkg.com/@volar-plugins/pug-beautify/-/pug-beautify-1.0.8.tgz#43279c8af69ce45278e7c6a3093518f436002592"
  integrity sha512-ou7qisp2Dh+nmGo6LiVRdudljaKE78UhUaWQcwTEM85RJKrLL9rmeggpoTxXnkKy6y2rlIO/+ZqMPYhw15ukPA==
  dependencies:
    "@johnsoncodehk/pug-beautify" "^0.2.2"
    vscode-languageserver-types "^3.17.2"

"@volar-plugins/pug@1.0.8":
  version "1.0.8"
  resolved "https://registry.yarnpkg.com/@volar-plugins/pug/-/pug-1.0.8.tgz#7a794b709ca03b6607b698a3b4f36feeb06e3ae0"
  integrity sha512-s1n+U4jniaJCJrk6jAx6QxN9uytHb8v9Vg1TaWVKB7RWS4gRpg6aaNzA0jSb5msZlgRFtlsIVbQAu/RimNYAMQ==
  dependencies:
    "@volar-plugins/html" "1.0.8"
    "@volar/pug-language-service" "1.0.8"
    vscode-html-languageservice "^5.0.2"
    vscode-languageserver-textdocument "^1.0.7"

"@volar-plugins/typescript@1.0.8":
  version "1.0.8"
  resolved "https://registry.yarnpkg.com/@volar-plugins/typescript/-/typescript-1.0.8.tgz#e08186d1c41ef670180ce57d22162879a974e877"
  integrity sha512-su8yIe7/Ja61i9iaOGgfqohQn5mbqAq4RPnN0Av+nPwp1VRJPXlW0WNnCmwXJofCEh1CT9Aq57i5mhgUzVXV+Q==
  dependencies:
    "@volar/shared" "1.0.8"
    semver "^7.3.8"
    vscode-languageserver-protocol "^3.17.2"
    vscode-languageserver-textdocument "^1.0.7"
    vscode-nls "^5.2.0"
    vscode-uri "^3.0.6"

"@volar/language-core@1.0.8":
  version "1.0.8"
  resolved "https://registry.yarnpkg.com/@volar/language-core/-/language-core-1.0.8.tgz#ed923e13d626102db6f82be03cfad22b0e5fdeae"
  integrity sha512-uxYSOqBk8ZFSzGjUIPOBEFPOg8F3CE6cLO5meK95DODGIlUlPytGiy9sy8QZ9w7RpUH4XMOX3MH/G48SLgP07A==
  dependencies:
    "@volar/source-map" "1.0.8"
    "@vue/reactivity" "^3.2.40"
    muggle-string "^0.1.0"

"@volar/language-server@1.0.8":
  version "1.0.8"
  resolved "https://registry.yarnpkg.com/@volar/language-server/-/language-server-1.0.8.tgz#4205887c129a66692cb73058a82555d280cd1b0c"
  integrity sha512-EkQ9wCc6Znw75mBnDnTYvxprVAMB8vOgx1pSErh7qx5EyL8d3LbfMBKcFSz/snpI6vehx9vNa+T1Rv1a3SwWOg==
  dependencies:
    "@volar/language-core" "1.0.8"
    "@volar/language-service" "1.0.8"
    "@volar/shared" "1.0.8"
    request-light "^0.5.8"
    typesafe-path "^0.2.2"
    vscode-html-languageservice "^5.0.2"
    vscode-languageserver "^8.0.2"
    vscode-languageserver-protocol "^3.17.2"
    vscode-languageserver-textdocument "^1.0.7"
    vscode-uri "^3.0.6"

"@volar/language-service@1.0.8":
  version "1.0.8"
  resolved "https://registry.yarnpkg.com/@volar/language-service/-/language-service-1.0.8.tgz#c4d405d8fd2bcf9994c835fdb5688d0c68adf430"
  integrity sha512-NaVWxQYRLnUR0tYerAMsDLwemj/fb9y93S/tvhMkt99XpYT2OimW7nbVigP2VhxBRbStX0RjIVpYvR6bFeTyBg==
  dependencies:
    "@volar/language-core" "1.0.8"
    "@volar/shared" "1.0.8"
    "@volar/source-map" "1.0.8"
    "@volar/transforms" "1.0.8"
    "@volar/typescript-faster" "1.0.8"
    "@vue/reactivity" "^3.2.40"
    vscode-html-languageservice "^5.0.2"
    vscode-json-languageservice "^5.1.1"
    vscode-languageserver-protocol "^3.17.2"
    vscode-languageserver-textdocument "^1.0.7"
    vscode-uri "^3.0.6"

"@volar/pug-language-service@1.0.8":
  version "1.0.8"
  resolved "https://registry.yarnpkg.com/@volar/pug-language-service/-/pug-language-service-1.0.8.tgz#a2b2d7a4c0f74e3d654b6be99c1823486241440a"
  integrity sha512-dpc+Cjll7so5GgIubh0/x/3vY5t209RH2WBo8Tte4iH9e7HEGZ2tbsOBcRktgbJvM1xWOLR7B4Z5OJ40Xllliw==
  dependencies:
    "@volar/language-service" "1.0.8"
    "@volar/shared" "1.0.8"
    "@volar/source-map" "1.0.8"
    "@volar/transforms" "1.0.8"
    muggle-string "^0.1.0"
    pug-lexer "^5.0.1"
    pug-parser "^6.0.0"
    vscode-languageserver-textdocument "^1.0.7"
    vscode-languageserver-types "^3.17.2"

"@volar/shared@1.0.8":
  version "1.0.8"
  resolved "https://registry.yarnpkg.com/@volar/shared/-/shared-1.0.8.tgz#ddf112900352530d2e7cc7c59b49f8712b6e1974"
  integrity sha512-PykL7EH1Ilz5Il1yYlXWSQF420PxQb/Z1VbbqLfSEz/cJUf9rNeQv7mkxAQUnhoiWCJKHoJwVFf5lTWO0OcBhQ==
  dependencies:
    typesafe-path "^0.2.2"
    vscode-languageserver-protocol "^3.17.2"
    vscode-languageserver-textdocument "^1.0.7"
    vscode-uri "^3.0.6"

"@volar/source-map@1.0.8":
  version "1.0.8"
  resolved "https://registry.yarnpkg.com/@volar/source-map/-/source-map-1.0.8.tgz#3e1a6f9ae652b665e6f3eef7c6291b48ac1aa6e6"
  integrity sha512-uKMe+alyfl1Abs5SviKejFoe7x9g6jDPVpVt63Tet4qn1Ziy7tFsvtCpM2Y1Ko5qw2nLIeloLslPqm9/gmbBLQ==
  dependencies:
    muggle-string "^0.1.0"

"@volar/transforms@1.0.8":
  version "1.0.8"
  resolved "https://registry.yarnpkg.com/@volar/transforms/-/transforms-1.0.8.tgz#e15ae522a669b9723df3e36868aa3a7a2d6c7ec2"
  integrity sha512-xmMfrpw0OFb1A6UFg6EXjEKw0/DEeee/wEzg+aBYpRvGo1uVb8WP6lg2NYCVc8c1ZIaAcaRtfEHx/gLalRKkaA==
  dependencies:
    "@volar/shared" "1.0.8"
    vscode-languageserver-types "^3.17.2"

"@volar/typescript-faster@1.0.8":
  version "1.0.8"
  resolved "https://registry.yarnpkg.com/@volar/typescript-faster/-/typescript-faster-1.0.8.tgz#b32affaddda69762148690058923c676d762407b"
  integrity sha512-1ZsMbb/uF0zyJlSD50bhHhQJnTJRpL6OWQEJ5r5WftB80hnXKELOftGZE2LPWlUt8uRRIeSu06YeabhtBKu9Aw==
  dependencies:
    semver "^7.3.8"

"@volar/vue-language-core@1.0.8":
  version "1.0.8"
  resolved "https://registry.yarnpkg.com/@volar/vue-language-core/-/vue-language-core-1.0.8.tgz#2f888309aee80b6853ba5181f82b772e21f3b13e"
  integrity sha512-cXb7oTybxcm1vpz003agdYQHyxij7UAaSub60d7W1aMWpqb2iaCbVaq9izgQFlrpC4/JnVs+cJPb/Q6fAUVxBg==
  dependencies:
    "@volar/language-core" "1.0.8"
    "@volar/source-map" "1.0.8"
    "@vue/compiler-dom" "^3.2.40"
    "@vue/compiler-sfc" "^3.2.40"
    "@vue/reactivity" "^3.2.40"
    "@vue/shared" "^3.2.40"
    minimatch "^5.1.0"
    vue-template-compiler "^2.7.10"

"@volar/vue-language-server@1.0.8":
  version "1.0.8"
  resolved "https://registry.yarnpkg.com/@volar/vue-language-server/-/vue-language-server-1.0.8.tgz#89cff680d1fc14ead9f3c793817c795937cd6d01"
  integrity sha512-n2XgNArjFbVHcGtAm8t2j8l8nTAmmVz8W8rXXx6nO5F0q/Gg76cQibXe9Jbj55T4sh0M10qbx6wN6yKHBHGakw==
  dependencies:
    "@volar/language-core" "1.0.8"
    "@volar/language-server" "1.0.8"
    "@volar/shared" "1.0.8"
    "@volar/vue-language-core" "1.0.8"
    "@volar/vue-language-service" "1.0.8"
    vscode-languageserver-protocol "^3.17.2"
    vue-component-meta "1.0.8"

"@volar/vue-language-service@1.0.8":
  version "1.0.8"
  resolved "https://registry.yarnpkg.com/@volar/vue-language-service/-/vue-language-service-1.0.8.tgz#7d53e847f94cfcc653c0d92676c5981a335034d9"
  integrity sha512-ZxZKPZPUZROmMoNq47EC6W4A8laiWR/LPFMGDosy2oa/lAVdvXV1p/tGzyHbh7dsQCGPFoEBEXrqk1BrRjq4Zw==
  dependencies:
    "@johnsoncodehk/html2pug" "^1.0.0"
    "@volar-plugins/css" "1.0.8"
    "@volar-plugins/emmet" "1.0.8"
    "@volar-plugins/html" "1.0.8"
    "@volar-plugins/json" "1.0.8"
    "@volar-plugins/pug" "1.0.8"
    "@volar-plugins/pug-beautify" "1.0.8"
    "@volar-plugins/typescript" "1.0.8"
    "@volar/language-core" "1.0.8"
    "@volar/language-service" "1.0.8"
    "@volar/shared" "1.0.8"
    "@volar/source-map" "1.0.8"
    "@volar/transforms" "1.0.8"
    "@volar/vue-language-core" "1.0.8"
    "@vue/compiler-dom" "^3.2.40"
    "@vue/reactivity" "^3.2.40"
    "@vue/shared" "^3.2.40"
    vscode-html-languageservice "^5.0.2"
    vscode-json-languageservice "^5.1.1"
    vscode-languageserver-protocol "^3.17.2"
    vscode-languageserver-textdocument "^1.0.7"
    vscode-uri "^3.0.6"

"@vscode/emmet-helper@^2.8.4":
  version "2.8.4"
  resolved "https://registry.yarnpkg.com/@vscode/emmet-helper/-/emmet-helper-2.8.4.tgz#ab937e3ce79b0873c604d1ad50a9eeb7abae2937"
  integrity sha512-lUki5QLS47bz/U8IlG9VQ+1lfxMtxMZENmU5nu4Z71eOD5j9FK0SmYGL5NiVJg9WBWeAU0VxRADMY2Qpq7BfVg==
  dependencies:
    emmet "^2.3.0"
    jsonc-parser "^2.3.0"
    vscode-languageserver-textdocument "^1.0.1"
    vscode-languageserver-types "^3.15.1"
    vscode-nls "^5.0.0"
    vscode-uri "^2.1.2"

"@vue/compiler-core@3.2.41":
  version "3.2.41"
  resolved "https://registry.yarnpkg.com/@vue/compiler-core/-/compiler-core-3.2.41.tgz#fb5b25f23817400f44377d878a0cdead808453ef"
  integrity sha512-oA4mH6SA78DT+96/nsi4p9DX97PHcNROxs51lYk7gb9Z4BPKQ3Mh+BLn6CQZBw857Iuhu28BfMSRHAlPvD4vlw==
  dependencies:
    "@babel/parser" "^7.16.4"
    "@vue/shared" "3.2.41"
    estree-walker "^2.0.2"
    source-map "^0.6.1"

"@vue/compiler-dom@3.2.41", "@vue/compiler-dom@^3.2.40":
  version "3.2.41"
  resolved "https://registry.yarnpkg.com/@vue/compiler-dom/-/compiler-dom-3.2.41.tgz#dc63dcd3ce8ca8a8721f14009d498a7a54380299"
  integrity sha512-xe5TbbIsonjENxJsYRbDJvthzqxLNk+tb3d/c47zgREDa/PCp6/Y4gC/skM4H6PIuX5DAxm7fFJdbjjUH2QTMw==
  dependencies:
    "@vue/compiler-core" "3.2.41"
    "@vue/shared" "3.2.41"

"@vue/compiler-sfc@^3.2.40":
  version "3.2.41"
  resolved "https://registry.yarnpkg.com/@vue/compiler-sfc/-/compiler-sfc-3.2.41.tgz#238fb8c48318408c856748f4116aff8cc1dc2a73"
  integrity sha512-+1P2m5kxOeaxVmJNXnBskAn3BenbTmbxBxWOtBq3mQTCokIreuMULFantBUclP0+KnzNCMOvcnKinqQZmiOF8w==
  dependencies:
    "@babel/parser" "^7.16.4"
    "@vue/compiler-core" "3.2.41"
    "@vue/compiler-dom" "3.2.41"
    "@vue/compiler-ssr" "3.2.41"
    "@vue/reactivity-transform" "3.2.41"
    "@vue/shared" "3.2.41"
    estree-walker "^2.0.2"
    magic-string "^0.25.7"
    postcss "^8.1.10"
    source-map "^0.6.1"

"@vue/compiler-ssr@3.2.41":
  version "3.2.41"
  resolved "https://registry.yarnpkg.com/@vue/compiler-ssr/-/compiler-ssr-3.2.41.tgz#344f564d68584b33367731c04ffc949784611fcb"
  integrity sha512-Y5wPiNIiaMz/sps8+DmhaKfDm1xgj6GrH99z4gq2LQenfVQcYXmHIOBcs5qPwl7jaW3SUQWjkAPKMfQemEQZwQ==
  dependencies:
    "@vue/compiler-dom" "3.2.41"
    "@vue/shared" "3.2.41"

"@vue/reactivity-transform@3.2.41":
  version "3.2.41"
  resolved "https://registry.yarnpkg.com/@vue/reactivity-transform/-/reactivity-transform-3.2.41.tgz#9ff938877600c97f646e09ac1959b5150fb11a0c"
  integrity sha512-mK5+BNMsL4hHi+IR3Ft/ho6Za+L3FA5j8WvreJ7XzHrqkPq8jtF/SMo7tuc9gHjLDwKZX1nP1JQOKo9IEAn54A==
  dependencies:
    "@babel/parser" "^7.16.4"
    "@vue/compiler-core" "3.2.41"
    "@vue/shared" "3.2.41"
    estree-walker "^2.0.2"
    magic-string "^0.25.7"

"@vue/reactivity@^3.2.40":
  version "3.2.41"
  resolved "https://registry.yarnpkg.com/@vue/reactivity/-/reactivity-3.2.41.tgz#0ad3bdf76d76822da1502dc9f394dafd02642963"
  integrity sha512-9JvCnlj8uc5xRiQGZ28MKGjuCoPhhTwcoAdv3o31+cfGgonwdPNuvqAXLhlzu4zwqavFEG5tvaoINQEfxz+l6g==
  dependencies:
    "@vue/shared" "3.2.41"

"@vue/shared@3.2.41", "@vue/shared@^3.2.40":
  version "3.2.41"
  resolved "https://registry.yarnpkg.com/@vue/shared/-/shared-3.2.41.tgz#fbc95422df654ea64e8428eced96ba6ad555d2bb"
  integrity sha512-W9mfWLHmJhkfAmV+7gDjcHeAWALQtgGT3JErxULl0oz6R6+3ug91I7IErs93eCFhPCZPHBs4QJS7YWEV7A3sxw==

acorn@^7.1.1:
  version "7.4.1"
  resolved "https://registry.yarnpkg.com/acorn/-/acorn-7.4.1.tgz#feaed255973d2e77555b83dbc08851a6c63520fa"
  integrity sha512-nQyp0o1/mNdbTO1PO6kHkwSrmgZ0MT/jCCpNiwbUjGoRN4dlBhqJtoQuCnEOKzgTVwg0ZWiCoQy6SxMebQVh8A==

asap@~2.0.3:
  version "2.0.6"
  resolved "https://registry.yarnpkg.com/asap/-/asap-2.0.6.tgz#e50347611d7e690943208bbdafebcbc2fb866d46"
  integrity sha512-BSHWgDSAiKs50o2Re8ppvp3seVHXSRM44cdSsT9FfNEUUZLOGWVCsiWaRPWM1Znn+mqZ1OfVZ3z3DWEzSp7hRA==

assert-never@^1.2.1:
  version "1.2.1"
  resolved "https://registry.yarnpkg.com/assert-never/-/assert-never-1.2.1.tgz#11f0e363bf146205fb08193b5c7b90f4d1cf44fe"
  integrity sha512-TaTivMB6pYI1kXwrFlEhLeGfOqoDNdTxjCdwRfFFkEA30Eu+k48W34nlok2EYWJfFFzqaEmichdNM7th6M5HNw==

babel-walk@3.0.0-canary-5:
  version "3.0.0-canary-5"
  resolved "https://registry.yarnpkg.com/babel-walk/-/babel-walk-3.0.0-canary-5.tgz#f66ecd7298357aee44955f235a6ef54219104b11"
  integrity sha512-GAwkz0AihzY5bkwIY5QDR+LvsRQgB/B+1foMPvi0FZPMl5fjD7ICiznUiBdLYMH1QYe6vqu4gWYytZOccLouFw==
  dependencies:
    "@babel/types" "^7.9.6"

balanced-match@^1.0.0:
  version "1.0.2"
  resolved "https://registry.yarnpkg.com/balanced-match/-/balanced-match-1.0.2.tgz#e83e3a7e3f300b34cb9d87f615fa0cbf357690ee"
  integrity sha512-3oSeUO0TMV67hN1AmbXsK4yaqU7tjiHlbxRDZOpH0KW9+CeX4bRAaX0Anxt0tx2MrpRpWwQaPwIlISEJhYU5Pw==

brace-expansion@^2.0.1:
  version "2.0.1"
  resolved "https://registry.yarnpkg.com/brace-expansion/-/brace-expansion-2.0.1.tgz#1edc459e0f0c548486ecf9fc99f2221364b9a0ae"
  integrity sha512-XnAIvQ8eM+kC6aULx6wuQiwVsnzsi9d3WxzV3FpWTGA19F621kwdbsAcFKXgKUHZWsy+mY6iL1sHTxWEFCytDA==
  dependencies:
    balanced-match "^1.0.0"

call-bind@^1.0.2:
  version "1.0.2"
  resolved "https://registry.yarnpkg.com/call-bind/-/call-bind-1.0.2.tgz#b1d4e89e688119c3c9a903ad30abb2f6a919be3c"
  integrity sha512-7O+FbCihrB5WGbFYesctwmTKae6rOiIzmz1icreWJ+0aA7LJfuqhEso2T9ncpcFtzMQtzXf2QGGueWJGTYsqrA==
  dependencies:
    function-bind "^1.1.1"
    get-intrinsic "^1.0.2"

character-parser@^2.2.0:
  version "2.2.0"
  resolved "https://registry.yarnpkg.com/character-parser/-/character-parser-2.2.0.tgz#c7ce28f36d4bcd9744e5ffc2c5fcde1c73261fc0"
  integrity sha512-+UqJQjFEFaTAs3bNsF2j2kEN1baG/zghZbdqoYEDxGZtJo9LBzl1A+m0D4n3qKx8N2FNv8/Xp6yV9mQmBuptaw==
  dependencies:
    is-regex "^1.0.3"

constantinople@^4.0.1:
  version "4.0.1"
  resolved "https://registry.yarnpkg.com/constantinople/-/constantinople-4.0.1.tgz#0def113fa0e4dc8de83331a5cf79c8b325213151"
  integrity sha512-vCrqcSIq4//Gx74TXXCGnHpulY1dskqLTFGDmhrGxzeXL8lF8kvXv6mpNWlJj1uD4DW23D4ljAqbY4RRaaUZIw==
  dependencies:
    "@babel/parser" "^7.6.0"
    "@babel/types" "^7.6.1"

de-indent@^1.0.2:
  version "1.0.2"
  resolved "https://registry.yarnpkg.com/de-indent/-/de-indent-1.0.2.tgz#b2038e846dc33baa5796128d0804b455b8c1e21d"
  integrity sha512-e/1zu3xH5MQryN2zdVaF0OrdNLUbvWxzMbi+iNA6Bky7l1RoP8a2fIbRocyHclXt/arDrrR6lL3TqFD9pMQTsg==

doctypes@^1.1.0:
  version "1.1.0"
  resolved "https://registry.yarnpkg.com/doctypes/-/doctypes-1.1.0.tgz#ea80b106a87538774e8a3a4a5afe293de489e0a9"
  integrity sha512-LLBi6pEqS6Do3EKQ3J0NqHWV5hhb78Pi8vvESYwyOy2c31ZEZVdtitdzsQsKb7878PEERhzUk0ftqGhG6Mz+pQ==

dom-serializer@^1.0.1:
  version "1.4.1"
  resolved "https://registry.yarnpkg.com/dom-serializer/-/dom-serializer-1.4.1.tgz#de5d41b1aea290215dc45a6dae8adcf1d32e2d30"
  integrity sha512-VHwB3KfrcOOkelEG2ZOfxqLZdfkil8PtJi4P8N2MMXucZq2yLp75ClViUlOVwyoHEDjYU433Aq+5zWP61+RGag==
  dependencies:
    domelementtype "^2.0.1"
    domhandler "^4.2.0"
    entities "^2.0.0"

domelementtype@^2.0.1, domelementtype@^2.2.0:
  version "2.3.0"
  resolved "https://registry.yarnpkg.com/domelementtype/-/domelementtype-2.3.0.tgz#5c45e8e869952626331d7aab326d01daf65d589d"
  integrity sha512-OLETBj6w0OsagBwdXnPdN0cnMfF9opN69co+7ZrbfPGrdpPVNBUj02spi6B1N7wChLQiPn4CSH/zJvXw56gmHw==

domhandler@^4.2.0, domhandler@^4.2.2, domhandler@^4.3.1:
  version "4.3.1"
  resolved "https://registry.yarnpkg.com/domhandler/-/domhandler-4.3.1.tgz#8d792033416f59d68bc03a5aa7b018c1ca89279c"
  integrity sha512-GrwoxYN+uWlzO8uhUXRl0P+kHE4GtVPfYzVLcUxPL7KNdHKj66vvlhiweIHqYYXWlw+T8iLMp42Lm67ghw4WMQ==
  dependencies:
    domelementtype "^2.2.0"

domutils@^2.8.0:
  version "2.8.0"
  resolved "https://registry.yarnpkg.com/domutils/-/domutils-2.8.0.tgz#4437def5db6e2d1f5d6ee859bd95ca7d02048135"
  integrity sha512-w96Cjofp72M5IIhpjgobBimYEfoPjx1Vx0BSX9P30WBdZW2WIKU0T1Bd0kz2eNZ9ikjKgHbEyKx8BB6H1L3h3A==
  dependencies:
    dom-serializer "^1.0.1"
    domelementtype "^2.2.0"
    domhandler "^4.2.0"

emmet@^2.3.0:
  version "2.3.6"
  resolved "https://registry.yarnpkg.com/emmet/-/emmet-2.3.6.tgz#1d93c1ac03164da9ddf74864c1f341ed6ff6c336"
  integrity sha512-pLS4PBPDdxuUAmw7Me7+TcHbykTsBKN/S9XJbUOMFQrNv9MoshzyMFK/R57JBm94/6HSL4vHnDeEmxlC82NQ4A==
  dependencies:
    "@emmetio/abbreviation" "^2.2.3"
    "@emmetio/css-abbreviation" "^2.1.4"

entities@^2.0.0:
  version "2.2.0"
  resolved "https://registry.yarnpkg.com/entities/-/entities-2.2.0.tgz#098dc90ebb83d8dffa089d55256b351d34c4da55"
  integrity sha512-p92if5Nz619I0w+akJrLZH0MX0Pb5DX39XOwQTtXSdQQOaYH03S1uIQp4mhOZtAXrxq4ViO67YTiLBo2638o9A==

entities@^3.0.1:
  version "3.0.1"
  resolved "https://registry.yarnpkg.com/entities/-/entities-3.0.1.tgz#2b887ca62585e96db3903482d336c1006c3001d4"
  integrity sha512-WiyBqoomrwMdFG1e0kqvASYfnlb0lp8M5o5Fw2OFq1hNZxxcNk8Ik0Xm7LxzBhuidnZB/UtBqVCgUz3kBOP51Q==

estree-walker@^2.0.2:
  version "2.0.2"
  resolved "https://registry.yarnpkg.com/estree-walker/-/estree-walker-2.0.2.tgz#52f010178c2a4c117a7757cfe942adb7d2da4cac"
  integrity sha512-Rfkk/Mp/DL7JVje3u18FxFujQlTNR2q6QfMSMB7AvCBx91NGj/ba3kCfza0f6dVDbw7YlRf/nDrn7pQrCCyQ/w==

function-bind@^1.1.1:
  version "1.1.1"
  resolved "https://registry.yarnpkg.com/function-bind/-/function-bind-1.1.1.tgz#a56899d3ea3c9bab874bb9773b7c5ede92f4895d"
  integrity sha512-yIovAzMX49sF8Yl58fSCWJ5svSLuaibPxXQJFLmBObTuCr0Mf1KiPopGM9NiFjiYBCbfaa2Fh6breQ6ANVTI0A==

get-intrinsic@^1.0.2:
  version "1.1.3"
  resolved "https://registry.yarnpkg.com/get-intrinsic/-/get-intrinsic-1.1.3.tgz#063c84329ad93e83893c7f4f243ef63ffa351385"
  integrity sha512-QJVz1Tj7MS099PevUG5jvnt9tSkXN8K14dxQlikJuPt4uD9hHAHjLyLBiLR5zELelBdD9QNRAXZzsJx0WaDL9A==
  dependencies:
    function-bind "^1.1.1"
    has "^1.0.3"
    has-symbols "^1.0.3"

has-symbols@^1.0.2, has-symbols@^1.0.3:
  version "1.0.3"
  resolved "https://registry.yarnpkg.com/has-symbols/-/has-symbols-1.0.3.tgz#bb7b2c4349251dce87b125f7bdf874aa7c8b39f8"
  integrity sha512-l3LCuF6MgDNwTDKkdYGEihYjt5pRPbEg46rtlmnSPlUbgmB8LOIrKJbYYFBSbnPaJexMKtiPO8hmeRjRz2Td+A==

has-tostringtag@^1.0.0:
  version "1.0.0"
  resolved "https://registry.yarnpkg.com/has-tostringtag/-/has-tostringtag-1.0.0.tgz#7e133818a7d394734f941e73c3d3f9291e658b25"
  integrity sha512-kFjcSNhnlGV1kyoGk7OXKSawH5JOb/LzUc5w9B02hOTO0dfFRjbHQKvg1d6cf3HbeUmtU9VbbV3qzZ2Teh97WQ==
  dependencies:
    has-symbols "^1.0.2"

has@^1.0.3:
  version "1.0.3"
  resolved "https://registry.yarnpkg.com/has/-/has-1.0.3.tgz#722d7cbfc1f6aa8241f16dd814e011e1f41e8796"
  integrity sha512-f2dvO0VU6Oej7RkWJGrehjbzMAjFp5/VKPp5tTpWIV4JHHZK1/BxbFRtf/siA2SWTe09caDmVtYYzWEIbBS4zw==
  dependencies:
    function-bind "^1.1.1"

he@^1.2.0:
  version "1.2.0"
  resolved "https://registry.yarnpkg.com/he/-/he-1.2.0.tgz#84ae65fa7eafb165fddb61566ae14baf05664f0f"
  integrity sha512-F/1DnUGPopORZi0ni+CvrCgHQ5FyEAHRLSApuYWMmrbSwoN2Mn/7k+Gl38gJnR7yyDZk6WLXwiGod1JOWNDKGw==

htmlparser2@^7.2.0:
  version "7.2.0"
  resolved "https://registry.yarnpkg.com/htmlparser2/-/htmlparser2-7.2.0.tgz#8817cdea38bbc324392a90b1990908e81a65f5a5"
  integrity sha512-H7MImA4MS6cw7nbyURtLPO1Tms7C5H602LRETv95z1MxO/7CP7rDVROehUYeYBUYEON94NXXDEPmZuq+hX4sog==
  dependencies:
    domelementtype "^2.0.1"
    domhandler "^4.2.2"
    domutils "^2.8.0"
    entities "^3.0.1"

is-core-module@^2.9.0:
  version "2.11.0"
  resolved "https://registry.yarnpkg.com/is-core-module/-/is-core-module-2.11.0.tgz#ad4cb3e3863e814523c96f3f58d26cc570ff0144"
  integrity sha512-RRjxlvLDkD1YJwDbroBHMb+cukurkDWNyHx7D3oNB5x9rb5ogcksMC5wHCadcXoo67gVr/+3GFySh3134zi6rw==
  dependencies:
    has "^1.0.3"

is-expression@^4.0.0:
  version "4.0.0"
  resolved "https://registry.yarnpkg.com/is-expression/-/is-expression-4.0.0.tgz#c33155962abf21d0afd2552514d67d2ec16fd2ab"
  integrity sha512-zMIXX63sxzG3XrkHkrAPvm/OVZVSCPNkwMHU8oTX7/U3AL78I0QXCEICXUM13BIa8TYGZ68PiTKfQz3yaTNr4A==
  dependencies:
    acorn "^7.1.1"
    object-assign "^4.1.1"

is-promise@^2.0.0:
  version "2.2.2"
  resolved "https://registry.yarnpkg.com/is-promise/-/is-promise-2.2.2.tgz#39ab959ccbf9a774cf079f7b40c7a26f763135f1"
  integrity sha512-+lP4/6lKUBfQjZ2pdxThZvLUAafmZb8OAxFb8XXtiQmS35INgr85hdOGoEs124ez1FCnZJt6jau/T+alh58QFQ==

is-regex@^1.0.3:
  version "1.1.4"
  resolved "https://registry.yarnpkg.com/is-regex/-/is-regex-1.1.4.tgz#eef5663cd59fa4c0ae339505323df6854bb15958"
  integrity sha512-kvRdxDsxZjhzUX07ZnLydzS1TU/TJlTUHHY4YLL87e37oUA49DfkLqgy+VjFocowy29cKvcSiu+kIv728jTTVg==
  dependencies:
    call-bind "^1.0.2"
    has-tostringtag "^1.0.0"

js-stringify@^1.0.2:
  version "1.0.2"
  resolved "https://registry.yarnpkg.com/js-stringify/-/js-stringify-1.0.2.tgz#1736fddfd9724f28a3682adc6230ae7e4e9679db"
  integrity sha512-rtS5ATOo2Q5k1G+DADISilDA6lv79zIiwFd6CcjuIxGKLFm5C+RLImRscVap9k55i+MOZwgliw+NejvkLuGD5g==

jsonc-parser@^2.3.0:
  version "2.3.1"
  resolved "https://registry.yarnpkg.com/jsonc-parser/-/jsonc-parser-2.3.1.tgz#59549150b133f2efacca48fe9ce1ec0659af2342"
  integrity sha512-H8jvkz1O50L3dMZCsLqiuB2tA7muqbSg1AtGEkN0leAqGjsUzDJir3Zwr02BhqdcITPg3ei3mZ+HjMocAknhhg==

jsonc-parser@^3.2.0:
  version "3.2.0"
  resolved "https://registry.yarnpkg.com/jsonc-parser/-/jsonc-parser-3.2.0.tgz#31ff3f4c2b9793f89c67212627c51c6394f88e76"
  integrity sha512-gfFQZrcTc8CnKXp6Y4/CBT3fTc0OVuDofpre4aEeEpSBPV5X5v4+Vmx+8snU7RLPrNHPKSgLxGo9YuQzz20o+w==

jstransformer@1.0.0:
  version "1.0.0"
  resolved "https://registry.yarnpkg.com/jstransformer/-/jstransformer-1.0.0.tgz#ed8bf0921e2f3f1ed4d5c1a44f68709ed24722c3"
  integrity sha512-C9YK3Rf8q6VAPDCCU9fnqo3mAfOH6vUGnMcP4AQAYIEpWtfGLpwOTmZ+igtdK5y+VvI2n3CyYSzy4Qh34eq24A==
  dependencies:
    is-promise "^2.0.0"
    promise "^7.0.1"

lru-cache@^6.0.0:
  version "6.0.0"
  resolved "https://registry.yarnpkg.com/lru-cache/-/lru-cache-6.0.0.tgz#6d6fe6570ebd96aaf90fcad1dafa3b2566db3a94"
  integrity sha512-Jo6dJ04CmSjuznwJSS3pUeWmd/H0ffTlkXXgwZi+eq1UCmqQwCh+eLsYOYCwY991i2Fah4h1BEMCx4qThGbsiA==
  dependencies:
    yallist "^4.0.0"

magic-string@^0.25.7:
  version "0.25.9"
  resolved "https://registry.yarnpkg.com/magic-string/-/magic-string-0.25.9.tgz#de7f9faf91ef8a1c91d02c2e5314c8277dbcdd1c"
  integrity sha512-RmF0AsMzgt25qzqqLc1+MbHmhdx0ojF2Fvs4XnOqz2ZOBXzzkEwc/dJQZCYHAn7v1jbVOjAZfK8msRn4BxO4VQ==
  dependencies:
    sourcemap-codec "^1.4.8"

minimatch@^5.1.0:
  version "5.1.0"
  resolved "https://registry.yarnpkg.com/minimatch/-/minimatch-5.1.0.tgz#1717b464f4971b144f6aabe8f2d0b8e4511e09c7"
  integrity sha512-9TPBGGak4nHfGZsPBohm9AWg6NoT7QTCehS3BIJABslyZbzxfV78QM2Y6+i741OPZIafFAaiiEMh5OyIrJPgtg==
  dependencies:
    brace-expansion "^2.0.1"

muggle-string@^0.1.0:
  version "0.1.0"
  resolved "https://registry.yarnpkg.com/muggle-string/-/muggle-string-0.1.0.tgz#1fda8a281c8b27bb8b70466dbc9f27586a8baa6c"
  integrity sha512-Tr1knR3d2mKvvWthlk7202rywKbiOm4rVFLsfAaSIhJ6dt9o47W4S+JMtWhd/PW9Wrdew2/S2fSvhz3E2gkfEg==

nanoid@^3.3.4:
  version "3.3.4"
  resolved "https://registry.yarnpkg.com/nanoid/-/nanoid-3.3.4.tgz#730b67e3cd09e2deacf03c027c81c9d9dbc5e8ab"
  integrity sha512-MqBkQh/OHTS2egovRtLk45wEyNXwF+cokD+1YPf9u5VfJiRdAiRwB2froX5Co9Rh20xs4siNPm8naNotSD6RBw==

object-assign@^4.1.1:
  version "4.1.1"
  resolved "https://registry.yarnpkg.com/object-assign/-/object-assign-4.1.1.tgz#2109adc7965887cfc05cbbd442cac8bfbb360863"
  integrity sha512-rJgTQnkUnH1sFw8yT6VSU3zD3sWmu6sZhIseY8VX+GRu3P6F7Fu+JNDoXfklElbLJSnc3FUQHVe4cU5hj+BcUg==

path-parse@^1.0.7:
  version "1.0.7"
  resolved "https://registry.yarnpkg.com/path-parse/-/path-parse-1.0.7.tgz#fbc114b60ca42b30d9daf5858e4bd68bbedb6735"
  integrity sha512-LDJzPVEEEPR+y48z93A0Ed0yXb8pAByGWo/k5YYdYgpY2/2EsOsksJrq7lOHxryrVOn1ejG6oAp8ahvOIQD8sw==

picocolors@^1.0.0:
  version "1.0.0"
  resolved "https://registry.yarnpkg.com/picocolors/-/picocolors-1.0.0.tgz#cb5bdc74ff3f51892236eaf79d68bc44564ab81c"
  integrity sha512-1fygroTLlHu66zi26VoTDv8yRgm0Fccecssto+MhsZ0D/DGW2sm8E8AjW7NU5VVTRt5GxbeZ5qBuJr+HyLYkjQ==

postcss@^8.1.10:
  version "8.4.18"
  resolved "https://registry.yarnpkg.com/postcss/-/postcss-8.4.18.tgz#6d50046ea7d3d66a85e0e782074e7203bc7fbca2"
  integrity sha512-Wi8mWhncLJm11GATDaQKobXSNEYGUHeQLiQqDFG1qQ5UTDPTEvKw0Xt5NsTpktGTwLps3ByrWsBrG0rB8YQ9oA==
  dependencies:
    nanoid "^3.3.4"
    picocolors "^1.0.0"
    source-map-js "^1.0.2"

promise@^7.0.1:
  version "7.3.1"
  resolved "https://registry.yarnpkg.com/promise/-/promise-7.3.1.tgz#064b72602b18f90f29192b8b1bc418ffd1ebd3bf"
  integrity sha512-nolQXZ/4L+bP/UGlkfaIujX9BKxGwmQ9OT4mOt5yvy8iK1h3wqTEJCijzGANTCCl9nWjY41juyAn2K3Q1hLLTg==
  dependencies:
    asap "~2.0.3"

pug-attrs@^3.0.0:
  version "3.0.0"
  resolved "https://registry.yarnpkg.com/pug-attrs/-/pug-attrs-3.0.0.tgz#b10451e0348165e31fad1cc23ebddd9dc7347c41"
  integrity sha512-azINV9dUtzPMFQktvTXciNAfAuVh/L/JCl0vtPCwvOA21uZrC08K/UnmrL+SXGEVc1FwzjW62+xw5S/uaLj6cA==
  dependencies:
    constantinople "^4.0.1"
    js-stringify "^1.0.2"
    pug-runtime "^3.0.0"

pug-code-gen@^3.0.2:
  version "3.0.2"
  resolved "https://registry.yarnpkg.com/pug-code-gen/-/pug-code-gen-3.0.2.tgz#ad190f4943133bf186b60b80de483100e132e2ce"
  integrity sha512-nJMhW16MbiGRiyR4miDTQMRWDgKplnHyeLvioEJYbk1RsPI3FuA3saEP8uwnTb2nTJEKBU90NFVWJBk4OU5qyg==
  dependencies:
    constantinople "^4.0.1"
    doctypes "^1.1.0"
    js-stringify "^1.0.2"
    pug-attrs "^3.0.0"
    pug-error "^2.0.0"
    pug-runtime "^3.0.0"
    void-elements "^3.1.0"
    with "^7.0.0"

pug-error@^2.0.0:
  version "2.0.0"
  resolved "https://registry.yarnpkg.com/pug-error/-/pug-error-2.0.0.tgz#5c62173cb09c34de2a2ce04f17b8adfec74d8ca5"
  integrity sha512-sjiUsi9M4RAGHktC1drQfCr5C5eriu24Lfbt4s+7SykztEOwVZtbFk1RRq0tzLxcMxMYTBR+zMQaG07J/btayQ==

pug-filters@^4.0.0:
  version "4.0.0"
  resolved "https://registry.yarnpkg.com/pug-filters/-/pug-filters-4.0.0.tgz#d3e49af5ba8472e9b7a66d980e707ce9d2cc9b5e"
  integrity sha512-yeNFtq5Yxmfz0f9z2rMXGw/8/4i1cCFecw/Q7+D0V2DdtII5UvqE12VaZ2AY7ri6o5RNXiweGH79OCq+2RQU4A==
  dependencies:
    constantinople "^4.0.1"
    jstransformer "1.0.0"
    pug-error "^2.0.0"
    pug-walk "^2.0.0"
    resolve "^1.15.1"

pug-lexer@^5.0.1:
  version "5.0.1"
  resolved "https://registry.yarnpkg.com/pug-lexer/-/pug-lexer-5.0.1.tgz#ae44628c5bef9b190b665683b288ca9024b8b0d5"
  integrity sha512-0I6C62+keXlZPZkOJeVam9aBLVP2EnbeDw3An+k0/QlqdwH6rv8284nko14Na7c0TtqtogfWXcRoFE4O4Ff20w==
  dependencies:
    character-parser "^2.2.0"
    is-expression "^4.0.0"
    pug-error "^2.0.0"

pug-linker@^4.0.0:
  version "4.0.0"
  resolved "https://registry.yarnpkg.com/pug-linker/-/pug-linker-4.0.0.tgz#12cbc0594fc5a3e06b9fc59e6f93c146962a7708"
  integrity sha512-gjD1yzp0yxbQqnzBAdlhbgoJL5qIFJw78juN1NpTLt/mfPJ5VgC4BvkoD3G23qKzJtIIXBbcCt6FioLSFLOHdw==
  dependencies:
    pug-error "^2.0.0"
    pug-walk "^2.0.0"

pug-load@^3.0.0:
  version "3.0.0"
  resolved "https://registry.yarnpkg.com/pug-load/-/pug-load-3.0.0.tgz#9fd9cda52202b08adb11d25681fb9f34bd41b662"
  integrity sha512-OCjTEnhLWZBvS4zni/WUMjH2YSUosnsmjGBB1An7CsKQarYSWQ0GCVyd4eQPMFJqZ8w9xgs01QdiZXKVjk92EQ==
  dependencies:
    object-assign "^4.1.1"
    pug-walk "^2.0.0"

pug-parser@^6.0.0:
  version "6.0.0"
  resolved "https://registry.yarnpkg.com/pug-parser/-/pug-parser-6.0.0.tgz#a8fdc035863a95b2c1dc5ebf4ecf80b4e76a1260"
  integrity sha512-ukiYM/9cH6Cml+AOl5kETtM9NR3WulyVP2y4HOU45DyMim1IeP/OOiyEWRr6qk5I5klpsBnbuHpwKmTx6WURnw==
  dependencies:
    pug-error "^2.0.0"
    token-stream "1.0.0"

pug-runtime@^3.0.0, pug-runtime@^3.0.1:
  version "3.0.1"
  resolved "https://registry.yarnpkg.com/pug-runtime/-/pug-runtime-3.0.1.tgz#f636976204723f35a8c5f6fad6acda2a191b83d7"
  integrity sha512-L50zbvrQ35TkpHwv0G6aLSuueDRwc/97XdY8kL3tOT0FmhgG7UypU3VztfV/LATAvmUfYi4wNxSajhSAeNN+Kg==

pug-strip-comments@^2.0.0:
  version "2.0.0"
  resolved "https://registry.yarnpkg.com/pug-strip-comments/-/pug-strip-comments-2.0.0.tgz#f94b07fd6b495523330f490a7f554b4ff876303e"
  integrity sha512-zo8DsDpH7eTkPHCXFeAk1xZXJbyoTfdPlNR0bK7rpOMuhBYb0f5qUVCO1xlsitYd3w5FQTK7zpNVKb3rZoUrrQ==
  dependencies:
    pug-error "^2.0.0"

pug-walk@^2.0.0:
  version "2.0.0"
  resolved "https://registry.yarnpkg.com/pug-walk/-/pug-walk-2.0.0.tgz#417aabc29232bb4499b5b5069a2b2d2a24d5f5fe"
  integrity sha512-yYELe9Q5q9IQhuvqsZNwA5hfPkMJ8u92bQLIMcsMxf/VADjNtEYptU+inlufAFYcWdHlwNfZOEnOOQrZrcyJCQ==

pug@^3.0.2:
  version "3.0.2"
  resolved "https://registry.yarnpkg.com/pug/-/pug-3.0.2.tgz#f35c7107343454e43bc27ae0ff76c731b78ea535"
  integrity sha512-bp0I/hiK1D1vChHh6EfDxtndHji55XP/ZJKwsRqrz6lRia6ZC2OZbdAymlxdVFwd1L70ebrVJw4/eZ79skrIaw==
  dependencies:
    pug-code-gen "^3.0.2"
    pug-filters "^4.0.0"
    pug-lexer "^5.0.1"
    pug-linker "^4.0.0"
    pug-load "^3.0.0"
    pug-parser "^6.0.0"
    pug-runtime "^3.0.1"
    pug-strip-comments "^2.0.0"

request-light@^0.5.8:
  version "0.5.8"
  resolved "https://registry.yarnpkg.com/request-light/-/request-light-0.5.8.tgz#8bf73a07242b9e7b601fac2fa5dc22a094abcc27"
  integrity sha512-3Zjgh+8b5fhRJBQZoy+zbVKpAQGLyka0MPgW3zruTF4dFFJ8Fqcfu9YsAvi/rvdcaTeWG3MkbZv4WKxAn/84Lg==

resolve@^1.15.1:
  version "1.22.1"
  resolved "https://registry.yarnpkg.com/resolve/-/resolve-1.22.1.tgz#27cb2ebb53f91abb49470a928bba7558066ac177"
  integrity sha512-nBpuuYuY5jFsli/JIs1oldw6fOQCBioohqWZg/2hiaOybXOft4lonv85uDOKXdf8rhyK159cxU5cDcK/NKk8zw==
  dependencies:
    is-core-module "^2.9.0"
    path-parse "^1.0.7"
    supports-preserve-symlinks-flag "^1.0.0"

semver@^7.3.8:
  version "7.3.8"
  resolved "https://registry.yarnpkg.com/semver/-/semver-7.3.8.tgz#07a78feafb3f7b32347d725e33de7e2a2df67798"
  integrity sha512-NB1ctGL5rlHrPJtFDVIVzTyQylMLu9N9VICA6HSFJo8MCGVTMW6gfpicwKmmK/dAjTOrqu5l63JJOpDSrAis3A==
  dependencies:
    lru-cache "^6.0.0"

source-map-js@^1.0.2:
  version "1.0.2"
  resolved "https://registry.yarnpkg.com/source-map-js/-/source-map-js-1.0.2.tgz#adbc361d9c62df380125e7f161f71c826f1e490c"
  integrity sha512-R0XvVJ9WusLiqTCEiGCmICCMplcCkIwwR11mOSD9CR5u+IXYdiseeEuXCVAjS54zqwkLcPNnmU4OeJ6tUrWhDw==

source-map@^0.6.1:
  version "0.6.1"
  resolved "https://registry.yarnpkg.com/source-map/-/source-map-0.6.1.tgz#74722af32e9614e9c287a8d0bbde48b5e2f1a263"
  integrity sha512-UjgapumWlbMhkBgzT7Ykc5YXUT46F0iKu8SGXq0bcwP5dz/h0Plj6enJqjz1Zbq2l5WaqYnrVbwWOWMyF3F47g==

sourcemap-codec@^1.4.8:
  version "1.4.8"
  resolved "https://registry.yarnpkg.com/sourcemap-codec/-/sourcemap-codec-1.4.8.tgz#ea804bd94857402e6992d05a38ef1ae35a9ab4c4"
  integrity sha512-9NykojV5Uih4lgo5So5dtw+f0JgJX30KCNI8gwhz2J9A15wD0Ml6tjHKwf6fTSa6fAdVBdZeNOs9eJ71qCk8vA==

supports-preserve-symlinks-flag@^1.0.0:
  version "1.0.0"
  resolved "https://registry.yarnpkg.com/supports-preserve-symlinks-flag/-/supports-preserve-symlinks-flag-1.0.0.tgz#6eda4bd344a3c94aea376d4cc31bc77311039e09"
  integrity sha512-ot0WnXS9fgdkgIcePe6RHNk1WA8+muPa6cSjeR3V8K27q9BB1rTE3R1p7Hv0z1ZyAc8s6Vvv8DIyWf681MAt0w==

to-fast-properties@^2.0.0:
  version "2.0.0"
  resolved "https://registry.yarnpkg.com/to-fast-properties/-/to-fast-properties-2.0.0.tgz#dc5e698cbd079265bc73e0377681a4e4e83f616e"
  integrity sha512-/OaKK0xYrs3DmxRYqL/yDc+FxFUVYhDlXMhRmv3z915w2HF1tnN1omB354j8VUGO/hbRzyD6Y3sA7v7GS/ceog==

token-stream@1.0.0:
  version "1.0.0"
  resolved "https://registry.yarnpkg.com/token-stream/-/token-stream-1.0.0.tgz#cc200eab2613f4166d27ff9afc7ca56d49df6eb4"
  integrity sha512-VSsyNPPW74RpHwR8Fc21uubwHY7wMDeJLys2IX5zJNih+OnAnaifKHo+1LHT7DAdloQ7apeaaWg8l7qnf/TnEg==

typesafe-path@^0.2.2:
  version "0.2.2"
  resolved "https://registry.yarnpkg.com/typesafe-path/-/typesafe-path-0.2.2.tgz#91a436681b2f514badb114061b6a5e5c2b8943b1"
  integrity sha512-OJabfkAg1WLZSqJAJ0Z6Sdt3utnbzr/jh+NAHoyWHJe8CMSy79Gm085094M9nvTPy22KzTVn5Zq5mbapCI/hPA==

typescript@^4.8.4:
  version "4.8.4"
  resolved "https://registry.yarnpkg.com/typescript/-/typescript-4.8.4.tgz#c464abca159669597be5f96b8943500b238e60e6"
  integrity sha512-QCh+85mCy+h0IGff8r5XWzOVSbBO+KfeYrMQh7NJ58QujwcE22u+NUSmUxqF+un70P9GXKxa2HCNiTTMJknyjQ==

void-elements@^3.1.0:
  version "3.1.0"
  resolved "https://registry.yarnpkg.com/void-elements/-/void-elements-3.1.0.tgz#614f7fbf8d801f0bb5f0661f5b2f5785750e4f09"
  integrity sha512-Dhxzh5HZuiHQhbvTW9AMetFfBHDMYpo23Uo9btPXgdYP+3T5S+p+jgNy7spra+veYhBP2dCSgxR/i2Y02h5/6w==

vscode-css-languageservice@^6.1.1:
  version "6.1.1"
  resolved "https://registry.yarnpkg.com/vscode-css-languageservice/-/vscode-css-languageservice-6.1.1.tgz#36daefd96e56b7453da16ff8c16f4ee693f32521"
  integrity sha512-7d2NCq2plT0njAKmGZ11uof95y2fwbgq8QuToE3kX9uYQfVmejHX2/lFGKbK5AV5+Ja0L80UZoU0QspwqMKMHA==
  dependencies:
    vscode-languageserver-textdocument "^1.0.7"
    vscode-languageserver-types "^3.17.2"
    vscode-nls "^5.2.0"
    vscode-uri "^3.0.4"

vscode-html-languageservice@^5.0.2:
  version "5.0.2"
  resolved "https://registry.yarnpkg.com/vscode-html-languageservice/-/vscode-html-languageservice-5.0.2.tgz#a66cb9d779f3094a8d14dd3a8f7935748435fd2a"
  integrity sha512-TQmeyE14Ure/w/S+RV2IItuRWmw/i1QaS+om6t70iHCpamuTTWnACQPMSltVGm/DlbdyMquUePJREjd/h3AVkQ==
  dependencies:
    vscode-languageserver-textdocument "^1.0.7"
    vscode-languageserver-types "^3.17.2"
    vscode-nls "^5.2.0"
    vscode-uri "^3.0.4"

vscode-json-languageservice@^5.1.1:
  version "5.1.1"
  resolved "https://registry.yarnpkg.com/vscode-json-languageservice/-/vscode-json-languageservice-5.1.1.tgz#d7e36351cf54abc1a5456fe29ae04a6a5f801e88"
  integrity sha512-EtAcTD6MOfyf8+MokDsAHNM7ttuZvCo077w9aMtJiyps41gkOcoBThAbXDk6Y0Oi6ki5aDs8lgY4KxYiVW/lxA==
  dependencies:
    jsonc-parser "^3.2.0"
    vscode-languageserver-textdocument "^1.0.7"
    vscode-languageserver-types "^3.17.2"
    vscode-nls "^5.2.0"
    vscode-uri "^3.0.6"

vscode-jsonrpc@8.0.2:
  version "8.0.2"
  resolved "https://registry.yarnpkg.com/vscode-jsonrpc/-/vscode-jsonrpc-8.0.2.tgz#f239ed2cd6004021b6550af9fd9d3e47eee3cac9"
  integrity sha512-RY7HwI/ydoC1Wwg4gJ3y6LpU9FJRZAUnTYMXthqhFXXu77ErDd/xkREpGuk4MyYkk4a+XDWAMqe0S3KkelYQEQ==

vscode-languageserver-protocol@3.17.2, vscode-languageserver-protocol@^3.17.2:
  version "3.17.2"
  resolved "https://registry.yarnpkg.com/vscode-languageserver-protocol/-/vscode-languageserver-protocol-3.17.2.tgz#beaa46aea06ed061576586c5e11368a9afc1d378"
  integrity sha512-8kYisQ3z/SQ2kyjlNeQxbkkTNmVFoQCqkmGrzLH6A9ecPlgTbp3wDTnUNqaUxYr4vlAcloxx8zwy7G5WdguYNg==
  dependencies:
    vscode-jsonrpc "8.0.2"
    vscode-languageserver-types "3.17.2"

vscode-languageserver-textdocument@^1.0.1, vscode-languageserver-textdocument@^1.0.7:
  version "1.0.7"
  resolved "https://registry.yarnpkg.com/vscode-languageserver-textdocument/-/vscode-languageserver-textdocument-1.0.7.tgz#16df468d5c2606103c90554ae05f9f3d335b771b"
  integrity sha512-bFJH7UQxlXT8kKeyiyu41r22jCZXG8kuuVVA33OEJn1diWOZK5n8zBSPZFHVBOu8kXZ6h0LIRhf5UnCo61J4Hg==

vscode-languageserver-types@3.17.2, vscode-languageserver-types@^3.15.1, vscode-languageserver-types@^3.17.2:
  version "3.17.2"
  resolved "https://registry.yarnpkg.com/vscode-languageserver-types/-/vscode-languageserver-types-3.17.2.tgz#b2c2e7de405ad3d73a883e91989b850170ffc4f2"
  integrity sha512-zHhCWatviizPIq9B7Vh9uvrH6x3sK8itC84HkamnBWoDFJtzBf7SWlpLCZUit72b3os45h6RWQNC9xHRDF8dRA==

vscode-languageserver@^8.0.2:
  version "8.0.2"
  resolved "https://registry.yarnpkg.com/vscode-languageserver/-/vscode-languageserver-8.0.2.tgz#cfe2f0996d9dfd40d3854e786b2821604dfec06d"
  integrity sha512-bpEt2ggPxKzsAOZlXmCJ50bV7VrxwCS5BI4+egUmure/oI/t4OlFzi/YNtVvY24A2UDOZAgwFGgnZPwqSJubkA==
  dependencies:
    vscode-languageserver-protocol "3.17.2"

vscode-nls@^5.0.0, vscode-nls@^5.2.0:
  version "5.2.0"
  resolved "https://registry.yarnpkg.com/vscode-nls/-/vscode-nls-5.2.0.tgz#3cb6893dd9bd695244d8a024bdf746eea665cc3f"
  integrity sha512-RAaHx7B14ZU04EU31pT+rKz2/zSl7xMsfIZuo8pd+KZO6PXtQmpevpq3vxvWNcrGbdmhM/rr5Uw5Mz+NBfhVng==

vscode-uri@^2.1.2:
  version "2.1.2"
  resolved "https://registry.yarnpkg.com/vscode-uri/-/vscode-uri-2.1.2.tgz#c8d40de93eb57af31f3c715dd650e2ca2c096f1c"
  integrity sha512-8TEXQxlldWAuIODdukIb+TR5s+9Ds40eSJrw+1iDDA9IFORPjMELarNQE3myz5XIkWWpdprmJjm1/SxMlWOC8A==

vscode-uri@^3.0.4, vscode-uri@^3.0.6:
  version "3.0.6"
  resolved "https://registry.yarnpkg.com/vscode-uri/-/vscode-uri-3.0.6.tgz#5e6e2e1a4170543af30151b561a41f71db1d6f91"
  integrity sha512-fmL7V1eiDBFRRnu+gfRWTzyPpNIHJTc4mWnFkwBUmO9U3KPgJAmTx7oxi2bl/Rh6HLdU7+4C9wlj0k2E4AdKFQ==

vue-component-meta@1.0.8:
  version "1.0.8"
  resolved "https://registry.yarnpkg.com/vue-component-meta/-/vue-component-meta-1.0.8.tgz#37592dc1f427f61f1c918674c8fb73f9ee374fb5"
  integrity sha512-FnNC3h5xUk1/GXKIqzfByOwSn4H4hqIQektarwABfY5rO6TYWm/r0NBN4KAwkRkBnNLu3OiGppUkfIPRcI4ZTA==
  dependencies:
    "@volar/language-core" "1.0.8"
    "@volar/vue-language-core" "1.0.8"
    typesafe-path "^0.2.2"

vue-template-compiler@^2.7.10:
  version "2.7.13"
  resolved "https://registry.yarnpkg.com/vue-template-compiler/-/vue-template-compiler-2.7.13.tgz#1520a5aa6d1af51dd0622824e79814f6e8cb7058"
  integrity sha512-jYM6TClwDS9YqP48gYrtAtaOhRKkbYmbzE+Q51gX5YDr777n7tNI/IZk4QV4l/PjQPNh/FVa/E92sh/RqKMrog==
  dependencies:
    de-indent "^1.0.2"
    he "^1.2.0"

with@^7.0.0:
  version "7.0.2"
  resolved "https://registry.yarnpkg.com/with/-/with-7.0.2.tgz#ccee3ad542d25538a7a7a80aad212b9828495bac"
  integrity sha512-RNGKj82nUPg3g5ygxkQl0R937xLyho1J24ItRCBTr/m1YnZkzJy1hUiHUJrc/VlsDQzsCnInEGSg3bci0Lmd4w==
  dependencies:
    "@babel/parser" "^7.9.6"
    "@babel/types" "^7.9.6"
    assert-never "^1.2.1"
    babel-walk "3.0.0-canary-5"

yallist@^4.0.0:
  version "4.0.0"
  resolved "https://registry.yarnpkg.com/yallist/-/yallist-4.0.0.tgz#9bb92790d9c0effec63be73519e11a35019a3a72"
  integrity sha512-3wdGidZyq5PB084XLES5TpOSRA3wjXAlIWMhum2kRcv/41Sn2emQ0dycQW4uZXLejwKvg6EsvbdlVL+FYEct7A==
